
Microsoft Visual Studio Solution File, Format Version 12.00
# Visual Studio Version 17
VisualStudioVersion = 17.8.34227.203
MinimumVisualStudioVersion = 10.0.40219.1
Project("{9A19103F-16F7-4668-BE54-9A1E7A4F7556}") = "VarjoGazeMouse", "VarjoGazeMouse\VarjoGazeMouse.csproj", "{75FF6C11-1120-46D9-B63C-60625C9379FB}"
EndProject
Project("{9A19103F-16F7-4668-BE54-9A1E7A4F7556}") = "VarjoGazeMouse.Desktop", "VarjoGazeMouse.Desktop\VarjoGazeMouse.Desktop.csproj", "{BB0539C0-BCCB-4DAE-8DF0-B01D759C7F4D}"
EndProject
Project("{9A19103F-16F7-4668-BE54-9A1E7A4F7556}") = "Varjo.NET", "Varjo.NET\Varjo.NET.csproj", "{3D75F865-52A8-4C04-968E-8DF4C0704057}"
EndProject
Global
	GlobalSection(SolutionConfigurationPlatforms) = preSolution
		Debug|Any CPU = Debug|Any CPU
		Release|Any CPU = Release|Any CPU
	EndGlobalSection
	GlobalSection(ProjectConfigurationPlatforms) = postSolution
		{75FF6C11-1120-46D9-B63C-60625C9379FB}.Debug|Any CPU.ActiveCfg = Debug|Any CPU
		{75FF6C11-1120-46D9-B63C-60625C9379FB}.Debug|Any CPU.Build.0 = Debug|Any CPU
		{75FF6C11-1120-46D9-B63C-60625C9379FB}.Release|Any CPU.ActiveCfg = Release|Any CPU
		{75FF6C11-1120-46D9-B63C-60625C9379FB}.Release|Any CPU.Build.0 = Release|Any CPU
		{BB0539C0-BCCB-4DAE-8DF0-B01D759C7F4D}.Debug|Any CPU.ActiveCfg = Debug|Any CPU
		{BB0539C0-BCCB-4DAE-8DF0-B01D759C7F4D}.Debug|Any CPU.Build.0 = Debug|Any CPU
		{BB0539C0-BCCB-4DAE-8DF0-B01D759C7F4D}.Release|Any CPU.ActiveCfg = Release|Any CPU
		{BB0539C0-BCCB-4DAE-8DF0-B01D759C7F4D}.Release|Any CPU.Build.0 = Release|Any CPU
		{3D75F865-52A8-4C04-968E-8DF4C0704057}.Debug|Any CPU.ActiveCfg = Debug|Any CPU
		{3D75F865-52A8-4C04-968E-8DF4C0704057}.Debug|Any CPU.Build.0 = Debug|Any CPU
		{3D75F865-52A8-4C04-968E-8DF4C0704057}.Release|Any CPU.ActiveCfg = Release|Any CPU
		{3D75F865-52A8-4C04-968E-8DF4C0704057}.Release|Any CPU.Build.0 = Release|Any CPU
	EndGlobalSection
	GlobalSection(SolutionProperties) = preSolution
		HideSolutionNode = FALSE
	EndGlobalSection
	GlobalSection(ExtensibilityGlobals) = postSolution
		SolutionGuid = {A8B0D36D-5088-4B68-A381-3308961C1271}
	EndGlobalSection
EndGlobal
